
Microsoft Visual Studio Solution File, Format Version 12.00
# Visual Studio Version 17
VisualStudioVersion = 17.4.33110.190
MinimumVisualStudioVersion = 10.0.40219.1
Project("{8BC9CEB8-8B4A-11D0-8D11-00A0C91BC942}") = "Work7_1", "Work7_1\Work7_1.vcxproj", "{2FE8DF9F-734B-4AE2-8386-719E78F00638}"
EndProject
Project("{8BC9CEB8-8B4A-11D0-8D11-00A0C91BC942}") = "Work7_2", "Work7_2\Work7_2.vcxproj", "{8D66FA08-EB9E-493F-9B4D-7467726E9115}"
EndProject
Project("{8BC9CEB8-8B4A-11D0-8D11-00A0C91BC942}") = "Work7_3", "Work7_3\Work7_3.vcxproj", "{61F1B1B3-AF72-44AC-A7B4-BBA41E1D8DBB}"
EndProject
Project("{8BC9CEB8-8B4A-11D0-8D11-00A0C91BC942}") = "Work7_4", "Work7_4\Work7_4.vcxproj", "{D4EB508A-5232-41F5-A5F6-45DD8D6BB160}"
EndProject
Global
	GlobalSection(SolutionConfigurationPlatforms) = preSolution
		Debug|x64 = Debug|x64
		Debug|x86 = Debug|x86
		Release|x64 = Release|x64
		Release|x86 = Release|x86
	EndGlobalSection
	GlobalSection(ProjectConfigurationPlatforms) = postSolution
		{2FE8DF9F-734B-4AE2-8386-719E78F00638}.Debug|x64.ActiveCfg = Debug|x64
		{2FE8DF9F-734B-4AE2-8386-719E78F00638}.Debug|x64.Build.0 = Debug|x64
		{2FE8DF9F-734B-4AE2-8386-719E78F00638}.Debug|x86.ActiveCfg = Debug|Win32
		{2FE8DF9F-734B-4AE2-8386-719E78F00638}.Debug|x86.Build.0 = Debug|Win32
		{2FE8DF9F-734B-4AE2-8386-719E78F00638}.Release|x64.ActiveCfg = Release|x64
		{2FE8DF9F-734B-4AE2-8386-719E78F00638}.Release|x64.Build.0 = Release|x64
		{2FE8DF9F-734B-4AE2-8386-719E78F00638}.Release|x86.ActiveCfg = Release|Win32
		{2FE8DF9F-734B-4AE2-8386-719E78F00638}.Release|x86.Build.0 = Release|Win32
		{8D66FA08-EB9E-493F-9B4D-7467726E9115}.Debug|x64.ActiveCfg = Debug|x64
		{8D66FA08-EB9E-493F-9B4D-7467726E9115}.Debug|x64.Build.0 = Debug|x64
		{8D66FA08-EB9E-493F-9B4D-7467726E9115}.Debug|x86.ActiveCfg = Debug|Win32
		{8D66FA08-EB9E-493F-9B4D-7467726E9115}.Debug|x86.Build.0 = Debug|Win32
		{8D66FA08-EB9E-493F-9B4D-7467726E9115}.Release|x64.ActiveCfg = Release|x64
		{8D66FA08-EB9E-493F-9B4D-7467726E9115}.Release|x64.Build.0 = Release|x64
		{8D66FA08-EB9E-493F-9B4D-7467726E9115}.Release|x86.ActiveCfg = Release|Win32
		{8D66FA08-EB9E-493F-9B4D-7467726E9115}.Release|x86.Build.0 = Release|Win32
		{61F1B1B3-AF72-44AC-A7B4-BBA41E1D8DBB}.Debug|x64.ActiveCfg = Debug|x64
		{61F1B1B3-AF72-44AC-A7B4-BBA41E1D8DBB}.Debug|x64.Build.0 = Debug|x64
		{61F1B1B3-AF72-44AC-A7B4-BBA41E1D8DBB}.Debug|x86.ActiveCfg = Debug|Win32
		{61F1B1B3-AF72-44AC-A7B4-BBA41E1D8DBB}.Debug|x86.Build.0 = Debug|Win32
		{61F1B1B3-AF72-44AC-A7B4-BBA41E1D8DBB}.Release|x64.ActiveCfg = Release|x64
		{61F1B1B3-AF72-44AC-A7B4-BBA41E1D8DBB}.Release|x64.Build.0 = Release|x64
		{61F1B1B3-AF72-44AC-A7B4-BBA41E1D8DBB}.Release|x86.ActiveCfg = Release|Win32
		{61F1B1B3-AF72-44AC-A7B4-BBA41E1D8DBB}.Release|x86.Build.0 = Release|Win32
		{D4EB508A-5232-41F5-A5F6-45DD8D6BB160}.Debug|x64.ActiveCfg = Debug|x64
		{D4EB508A-5232-41F5-A5F6-45DD8D6BB160}.Debug|x64.Build.0 = Debug|x64
		{D4EB508A-5232-41F5-A5F6-45DD8D6BB160}.Debug|x86.ActiveCfg = Debug|Win32
		{D4EB508A-5232-41F5-A5F6-45DD8D6BB160}.Debug|x86.Build.0 = Debug|Win32
		{D4EB508A-5232-41F5-A5F6-45DD8D6BB160}.Release|x64.ActiveCfg = Release|x64
		{D4EB508A-5232-41F5-A5F6-45DD8D6BB160}.Release|x64.Build.0 = Release|x64
		{D4EB508A-5232-41F5-A5F6-45DD8D6BB160}.Release|x86.ActiveCfg = Release|Win32
		{D4EB508A-5232-41F5-A5F6-45DD8D6BB160}.Release|x86.Build.0 = Release|Win32
	EndGlobalSection
	GlobalSection(SolutionProperties) = preSolution
		HideSolutionNode = FALSE
	EndGlobalSection
	GlobalSection(ExtensibilityGlobals) = postSolution
		SolutionGuid = {4927F29B-58BD-436A-8290-5A2787D1CCB3}
	EndGlobalSection
EndGlobal
