
Microsoft Visual Studio Solution File, Format Version 12.00
# Visual Studio Version 17
VisualStudioVersion = 17.5.33627.172
MinimumVisualStudioVersion = 10.0.40219.1
Project("{8BC9CEB8-8B4A-11D0-8D11-00A0C91BC942}") = "StaticLib", "StaticLib\StaticLib.vcxproj", "{D79C5391-3A1E-4D1F-87D8-71D75ADD39F3}"
EndProject
Project("{8BC9CEB8-8B4A-11D0-8D11-00A0C91BC942}") = "LAB13(1)", "LAB13(1)\LAB13(1).vcxproj", "{EDFFC45F-26F4-462A-B4E3-3C09F43859F1}"
EndProject
Project("{8BC9CEB8-8B4A-11D0-8D11-00A0C91BC942}") = "DinamicLib", "DinamicLib\DinamicLib.vcxproj", "{ED1E345E-CB4E-4948-8909-A9CE46F407AC}"
EndProject
Global
	GlobalSection(SolutionConfigurationPlatforms) = preSolution
		Debug|x64 = Debug|x64
		Debug|x86 = Debug|x86
		Release|x64 = Release|x64
		Release|x86 = Release|x86
	EndGlobalSection
	GlobalSection(ProjectConfigurationPlatforms) = postSolution
		{D79C5391-3A1E-4D1F-87D8-71D75ADD39F3}.Debug|x64.ActiveCfg = Debug|x64
		{D79C5391-3A1E-4D1F-87D8-71D75ADD39F3}.Debug|x64.Build.0 = Debug|x64
		{D79C5391-3A1E-4D1F-87D8-71D75ADD39F3}.Debug|x86.ActiveCfg = Debug|Win32
		{D79C5391-3A1E-4D1F-87D8-71D75ADD39F3}.Debug|x86.Build.0 = Debug|Win32
		{D79C5391-3A1E-4D1F-87D8-71D75ADD39F3}.Release|x64.ActiveCfg = Release|x64
		{D79C5391-3A1E-4D1F-87D8-71D75ADD39F3}.Release|x64.Build.0 = Release|x64
		{D79C5391-3A1E-4D1F-87D8-71D75ADD39F3}.Release|x86.ActiveCfg = Release|Win32
		{D79C5391-3A1E-4D1F-87D8-71D75ADD39F3}.Release|x86.Build.0 = Release|Win32
		{EDFFC45F-26F4-462A-B4E3-3C09F43859F1}.Debug|x64.ActiveCfg = Debug|x64
		{EDFFC45F-26F4-462A-B4E3-3C09F43859F1}.Debug|x64.Build.0 = Debug|x64
		{EDFFC45F-26F4-462A-B4E3-3C09F43859F1}.Debug|x86.ActiveCfg = Debug|Win32
		{EDFFC45F-26F4-462A-B4E3-3C09F43859F1}.Debug|x86.Build.0 = Debug|Win32
		{EDFFC45F-26F4-462A-B4E3-3C09F43859F1}.Release|x64.ActiveCfg = Release|x64
		{EDFFC45F-26F4-462A-B4E3-3C09F43859F1}.Release|x64.Build.0 = Release|x64
		{EDFFC45F-26F4-462A-B4E3-3C09F43859F1}.Release|x86.ActiveCfg = Release|Win32
		{EDFFC45F-26F4-462A-B4E3-3C09F43859F1}.Release|x86.Build.0 = Release|Win32
		{ED1E345E-CB4E-4948-8909-A9CE46F407AC}.Debug|x64.ActiveCfg = Debug|x64
		{ED1E345E-CB4E-4948-8909-A9CE46F407AC}.Debug|x64.Build.0 = Debug|x64
		{ED1E345E-CB4E-4948-8909-A9CE46F407AC}.Debug|x86.ActiveCfg = Debug|Win32
		{ED1E345E-CB4E-4948-8909-A9CE46F407AC}.Debug|x86.Build.0 = Debug|Win32
		{ED1E345E-CB4E-4948-8909-A9CE46F407AC}.Release|x64.ActiveCfg = Release|x64
		{ED1E345E-CB4E-4948-8909-A9CE46F407AC}.Release|x64.Build.0 = Release|x64
		{ED1E345E-CB4E-4948-8909-A9CE46F407AC}.Release|x86.ActiveCfg = Release|Win32
		{ED1E345E-CB4E-4948-8909-A9CE46F407AC}.Release|x86.Build.0 = Release|Win32
	EndGlobalSection
	GlobalSection(SolutionProperties) = preSolution
		HideSolutionNode = FALSE
	EndGlobalSection
	GlobalSection(ExtensibilityGlobals) = postSolution
		SolutionGuid = {657D71E0-B331-4BC0-A0CB-A977CB388015}
	EndGlobalSection
EndGlobal
